{
  "nodes": {
    "aiagent_base": {
      "inputs": {
        "nixpkgs": "nixpkgs"
      },
      "locked": {
        "dir": "aiagent_base",
        "lastModified": 1776415863,
        "narHash": "sha256-s2dgEc+tflxBusx44EjvQ/OvSlUaU/JS7jhBuIcsCNE=",
        "owner": "Joelgranados",
        "repo": "nenvs",
        "rev": "a17e42b32da1d3714f098727614b6bfc67d3326a",
        "type": "github"
      },
      "original": {
        "dir": "aiagent_base",
        "owner": "Joelgranados",
        "repo": "nenvs",
        "type": "github"
      }
    },
    "env_shell": {
      "inputs": {
        "nixpkgs": "nixpkgs_2"
      },
      "locked": {
        "dir": "env_shell",
        "lastModified": 1749461195,
        "narHash": "sha256-OlSIiJYfTKq+T+XcHQqRekWuZWvyN152VgJP2SePTdA=",
        "owner": "Joelgranados",
        "repo": "nenvs",
        "rev": "d81371ca404b2d52973fc5f04a7576382df38873",
        "type": "github"
      },
      "original": {
        "dir": "env_shell",
        "owner": "Joelgranados",
        "repo": "nenvs",
        "type": "github"
      }
    },
    "nixpkgs": {
      "locked": {
        "lastModified": 1768127708,
        "narHash": "sha256-1Sm77VfZh3mU0F5OqKABNLWxOuDeHIlcFjsXeeiPazs=",
        "owner": "NixOS",
        "repo": "nixpkgs",
        "rev": "ffbc9f8cbaacfb331b6017d5a5abb21a492c9a38",
        "type": "github"
      },
      "original": {
        "owner": "NixOS",
        "ref": "nixos-unstable",
        "repo": "nixpkgs",
        "type": "github"
      }
    },
    "nixpkgs_2": {
      "locked": {
        "lastModified": 1744536153,
        "narHash": "sha256-awS2zRgF4uTwrOKwwiJcByDzDOdo3Q1rPZbiHQg/N38=",
        "owner": "NixOS",
        "repo": "nixpkgs",
        "rev": "18dd725c29603f582cf1900e0d25f9f1063dbf11",
        "type": "github"
      },
      "original": {
        "id": "nixpkgs",
        "type": "indirect"
      }
    },
    "nixpkgs_3": {
      "locked": {
        "lastModified": 1752436162,
        "narHash": "sha256-Kt1UIPi7kZqkSc5HVj6UY5YLHHEzPBkgpNUByuyxtlw=",
        "owner": "NixOS",
        "repo": "nixpkgs",
        "rev": "dfcd5b901dbab46c9c6e80b265648481aafb01f8",
        "type": "github"
      },
      "original": {
        "owner": "NixOS",
        "ref": "nixos-25.05",
        "repo": "nixpkgs",
        "type": "github"
      }
    },
    "root": {
      "inputs": {
        "aiagent_base": "aiagent_base",
        "env_shell": "env_shell",
        "nixpkgs": "nixpkgs_3"
      }
    }
  },
  "root": "root",
  "version": 7
}
