{
  "nodes": {
    "aiagent_base": {
      "inputs": {
        "nixpkgs": "nixpkgs"
      },
      "locked": {
        "dir": "aiagent_base",
        "lastModified": 1756584775,
        "narHash": "sha256-Kp8kWbChBksjDbOrliW17V+LoDWAe3ER5d05LaMRsYY=",
        "owner": "Joelgranados",
        "repo": "nenvs",
        "rev": "29b1424a7747c259a8bc79e5c3560d7e2dc6c7ce",
        "type": "github"
      },
      "original": {
        "dir": "aiagent_base",
        "owner": "Joelgranados",
        "repo": "nenvs",
        "type": "github"
      }
    },
    "env_shell": {
      "inputs": {
        "nixpkgs": "nixpkgs_2"
      },
      "locked": {
        "dir": "env_shell",
        "lastModified": 1756193924,
        "narHash": "sha256-O0D4hOh9+F05L7vnJQGKhkK/ZVAKkOgIZNor737ca/Y=",
        "owner": "Joelgranados",
        "repo": "nenvs",
        "rev": "adb9573c9454799f9f1ef255ab71b4720d143963",
        "type": "github"
      },
      "original": {
        "dir": "env_shell",
        "owner": "Joelgranados",
        "repo": "nenvs",
        "type": "github"
      }
    },
    "libvfn": {
      "inputs": {
        "nixpkgs": "nixpkgs_3"
      },
      "locked": {
        "lastModified": 1753366320,
        "narHash": "sha256-2tRGGsxrFCai2knO30DNsuGZ9/+YCN2yiUxxR9tV+2A=",
        "owner": "Joelgranados",
        "repo": "libvfn",
        "rev": "7766ed4d1fd0e2a73e28b686735cb77abe19ff2b",
        "type": "github"
      },
      "original": {
        "owner": "Joelgranados",
        "repo": "libvfn",
        "rev": "7766ed4d1fd0e2a73e28b686735cb77abe19ff2b",
        "type": "github"
      }
    },
    "nixpkgs": {
      "locked": {
        "lastModified": 1755615617,
        "narHash": "sha256-HMwfAJBdrr8wXAkbGhtcby1zGFvs+StOp19xNsbqdOg=",
        "owner": "NixOS",
        "repo": "nixpkgs",
        "rev": "20075955deac2583bb12f07151c2df830ef346b4",
        "type": "github"
      },
      "original": {
        "owner": "NixOS",
        "ref": "nixos-unstable",
        "repo": "nixpkgs",
        "type": "github"
      }
    },
    "nixpkgs_2": {
      "locked": {
        "lastModified": 1744536153,
        "narHash": "sha256-awS2zRgF4uTwrOKwwiJcByDzDOdo3Q1rPZbiHQg/N38=",
        "owner": "NixOS",
        "repo": "nixpkgs",
        "rev": "18dd725c29603f582cf1900e0d25f9f1063dbf11",
        "type": "github"
      },
      "original": {
        "id": "nixpkgs",
        "type": "indirect"
      }
    },
    "nixpkgs_3": {
      "locked": {
        "lastModified": 1753115646,
        "narHash": "sha256-yLuz5cz5Z+sn8DRAfNkrd2Z1cV6DaYO9JMrEz4KZo/c=",
        "owner": "NixOS",
        "repo": "nixpkgs",
        "rev": "92c2e04a475523e723c67ef872d8037379073681",
        "type": "github"
      },
      "original": {
        "owner": "NixOS",
        "ref": "nixos-25.05",
        "repo": "nixpkgs",
        "type": "github"
      }
    },
    "nixpkgs_4": {
      "locked": {
        "lastModified": 1755922037,
        "narHash": "sha256-wY1+2JPH0ZZC4BQefoZw/k+3+DowFyfOxv17CN/idKs=",
        "owner": "NixOS",
        "repo": "nixpkgs",
        "rev": "b1b3291469652d5a2edb0becc4ef0246fff97a7c",
        "type": "github"
      },
      "original": {
        "owner": "NixOS",
        "ref": "nixos-25.05",
        "repo": "nixpkgs",
        "type": "github"
      }
    },
    "root": {
      "inputs": {
        "aiagent_base": "aiagent_base",
        "env_shell": "env_shell",
        "libvfn": "libvfn",
        "nixpkgs": "nixpkgs_4"
      }
    }
  },
  "root": "root",
  "version": 7
}
