{
  "nodes": {
    "aiagent_base": {
      "inputs": {
        "nixpkgs": "nixpkgs"
      },
      "locked": {
        "dir": "aiagent_base",
        "lastModified": 1756018782,
        "narHash": "sha256-cHjL6SGZAl7eSfsGz49uEv/QwmdTCehBKNEq0p2iUW8=",
        "owner": "Joelgranados",
        "repo": "nenvs",
        "rev": "a41fdf816837c7867bd903748f4fe3ea8ad9a80a",
        "type": "github"
      },
      "original": {
        "dir": "aiagent_base",
        "owner": "Joelgranados",
        "repo": "nenvs",
        "type": "github"
      }
    },
    "env_shell": {
      "inputs": {
        "nixpkgs": "nixpkgs_2"
      },
      "locked": {
        "dir": "env_shell",
        "lastModified": 1755760572,
        "narHash": "sha256-EexLJO+d7m4Tl4llb+1Iu1mxASVJI2w+eqNmKNJBNww=",
        "owner": "Joelgranados",
        "repo": "nenvs",
        "rev": "f301032f989129ba0168739293fc2b4b6f9d0d45",
        "type": "github"
      },
      "original": {
        "dir": "env_shell",
        "owner": "Joelgranados",
        "repo": "nenvs",
        "type": "github"
      }
    },
    "iommut": {
      "inputs": {
        "libvfn": "libvfn",
        "nixpkgs": "nixpkgs_4"
      },
      "locked": {
        "lastModified": 1755760415,
        "narHash": "sha256-mkY3oNvzIAb9zVH8XyyEMlmnSbCOsEFN8LpMB4lSfOw=",
        "owner": "SamsungDS",
        "repo": "iommutests",
        "rev": "cdbd312e658d62991c4390f3b478ff3bab457c5a",
        "type": "github"
      },
      "original": {
        "owner": "SamsungDS",
        "repo": "iommutests",
        "rev": "cdbd312e658d62991c4390f3b478ff3bab457c5a",
        "type": "github"
      }
    },
    "iommut_base": {
      "inputs": {
        "iommut": "iommut",
        "nixpkgs": "nixpkgs_5"
      },
      "locked": {
        "dir": "iommut_base",
        "lastModified": 1755760675,
        "narHash": "sha256-9giDTYaZ0eAt5z4DUePlRf6jtWXb9Jz/9qTtEN6X1zI=",
        "owner": "Joelgranados",
        "repo": "nenvs",
        "rev": "c6f7aab5a5ae918e6731abfe95d4bc4207951c59",
        "type": "github"
      },
      "original": {
        "dir": "iommut_base",
        "owner": "Joelgranados",
        "repo": "nenvs",
        "type": "github"
      }
    },
    "libvfn": {
      "inputs": {
        "nixpkgs": "nixpkgs_3"
      },
      "locked": {
        "lastModified": 1753366320,
        "narHash": "sha256-2tRGGsxrFCai2knO30DNsuGZ9/+YCN2yiUxxR9tV+2A=",
        "owner": "Joelgranados",
        "repo": "libvfn",
        "rev": "7766ed4d1fd0e2a73e28b686735cb77abe19ff2b",
        "type": "github"
      },
      "original": {
        "owner": "Joelgranados",
        "repo": "libvfn",
        "rev": "7766ed4d1fd0e2a73e28b686735cb77abe19ff2b",
        "type": "github"
      }
    },
    "libvfn_2": {
      "inputs": {
        "nixpkgs": "nixpkgs_6"
      },
      "locked": {
        "lastModified": 1753366320,
        "narHash": "sha256-2tRGGsxrFCai2knO30DNsuGZ9/+YCN2yiUxxR9tV+2A=",
        "owner": "Joelgranados",
        "repo": "libvfn",
        "rev": "7766ed4d1fd0e2a73e28b686735cb77abe19ff2b",
        "type": "github"
      },
      "original": {
        "owner": "Joelgranados",
        "repo": "libvfn",
        "rev": "7766ed4d1fd0e2a73e28b686735cb77abe19ff2b",
        "type": "github"
      }
    },
    "nixpkgs": {
      "locked": {
        "lastModified": 1755615617,
        "narHash": "sha256-HMwfAJBdrr8wXAkbGhtcby1zGFvs+StOp19xNsbqdOg=",
        "owner": "NixOS",
        "repo": "nixpkgs",
        "rev": "20075955deac2583bb12f07151c2df830ef346b4",
        "type": "github"
      },
      "original": {
        "owner": "NixOS",
        "ref": "nixos-unstable",
        "repo": "nixpkgs",
        "type": "github"
      }
    },
    "nixpkgs_2": {
      "locked": {
        "lastModified": 1744536153,
        "narHash": "sha256-awS2zRgF4uTwrOKwwiJcByDzDOdo3Q1rPZbiHQg/N38=",
        "owner": "NixOS",
        "repo": "nixpkgs",
        "rev": "18dd725c29603f582cf1900e0d25f9f1063dbf11",
        "type": "github"
      },
      "original": {
        "id": "nixpkgs",
        "type": "indirect"
      }
    },
    "nixpkgs_3": {
      "locked": {
        "lastModified": 1755593991,
        "narHash": "sha256-BA9MuPjBDx/WnpTJ0EGhStyfE7hug8g85Y3Ju9oTsM4=",
        "owner": "NixOS",
        "repo": "nixpkgs",
        "rev": "a58390ab6f1aa810eb8e0f0fc74230e7cc06de03",
        "type": "github"
      },
      "original": {
        "owner": "NixOS",
        "ref": "nixos-25.05",
        "repo": "nixpkgs",
        "type": "github"
      }
    },
    "nixpkgs_4": {
      "locked": {
        "lastModified": 1755593991,
        "narHash": "sha256-BA9MuPjBDx/WnpTJ0EGhStyfE7hug8g85Y3Ju9oTsM4=",
        "owner": "NixOS",
        "repo": "nixpkgs",
        "rev": "a58390ab6f1aa810eb8e0f0fc74230e7cc06de03",
        "type": "github"
      },
      "original": {
        "owner": "NixOS",
        "ref": "nixos-25.05",
        "repo": "nixpkgs",
        "type": "github"
      }
    },
    "nixpkgs_5": {
      "locked": {
        "lastModified": 1755593991,
        "narHash": "sha256-BA9MuPjBDx/WnpTJ0EGhStyfE7hug8g85Y3Ju9oTsM4=",
        "owner": "NixOS",
        "repo": "nixpkgs",
        "rev": "a58390ab6f1aa810eb8e0f0fc74230e7cc06de03",
        "type": "github"
      },
      "original": {
        "owner": "NixOS",
        "ref": "nixos-25.05",
        "repo": "nixpkgs",
        "type": "github"
      }
    },
    "nixpkgs_6": {
      "locked": {
        "lastModified": 1753115646,
        "narHash": "sha256-yLuz5cz5Z+sn8DRAfNkrd2Z1cV6DaYO9JMrEz4KZo/c=",
        "owner": "NixOS",
        "repo": "nixpkgs",
        "rev": "92c2e04a475523e723c67ef872d8037379073681",
        "type": "github"
      },
      "original": {
        "owner": "NixOS",
        "ref": "nixos-25.05",
        "repo": "nixpkgs",
        "type": "github"
      }
    },
    "nixpkgs_7": {
      "locked": {
        "lastModified": 1755593991,
        "narHash": "sha256-BA9MuPjBDx/WnpTJ0EGhStyfE7hug8g85Y3Ju9oTsM4=",
        "owner": "NixOS",
        "repo": "nixpkgs",
        "rev": "a58390ab6f1aa810eb8e0f0fc74230e7cc06de03",
        "type": "github"
      },
      "original": {
        "owner": "NixOS",
        "ref": "nixos-25.05",
        "repo": "nixpkgs",
        "type": "github"
      }
    },
    "root": {
      "inputs": {
        "aiagent_base": "aiagent_base",
        "env_shell": "env_shell",
        "iommut_base": "iommut_base",
        "libvfn": "libvfn_2",
        "nixpkgs": "nixpkgs_7"
      }
    }
  },
  "root": "root",
  "version": 7
}
