{
  "nodes": {
    "ccache": {
      "inputs": {
        "nixpkgs": "nixpkgs_2"
      },
      "locked": {
        "dir": "ccache",
        "lastModified": 1738704184,
        "narHash": "sha256-6vxLd4wFBaERy8UeUsXnSPBstGbKc5qmcuiEwpOQ8yI=",
        "owner": "Joelgranados",
        "repo": "nix_envs",
        "rev": "2404f75a56ea8001478a72e906ecc770304c6443",
        "type": "github"
      },
      "original": {
        "dir": "ccache",
        "owner": "Joelgranados",
        "repo": "nix_envs",
        "type": "github"
      }
    },
    "env_shell": {
      "inputs": {
        "nixpkgs": "nixpkgs"
      },
      "locked": {
        "dir": "env_shell",
        "lastModified": 1738704184,
        "narHash": "sha256-6vxLd4wFBaERy8UeUsXnSPBstGbKc5qmcuiEwpOQ8yI=",
        "owner": "Joelgranados",
        "repo": "nix_envs",
        "rev": "2404f75a56ea8001478a72e906ecc770304c6443",
        "type": "github"
      },
      "original": {
        "dir": "env_shell",
        "owner": "Joelgranados",
        "repo": "nix_envs",
        "type": "github"
      }
    },
    "kernel_base": {
      "inputs": {
        "ccache": "ccache",
        "nixpkgs": "nixpkgs_3",
        "toolchain_ctl": "toolchain_ctl"
      },
      "locked": {
        "dir": "kernel_base",
        "lastModified": 1739870658,
        "narHash": "sha256-f6Twu0vnTjnPcA5c6YaoM/h77G2+ZE4pWpk8kegp1aU=",
        "owner": "Joelgranados",
        "repo": "nix_envs",
        "rev": "804ca83a3e300040cf9e078cbc0425c17c475f7e",
        "type": "github"
      },
      "original": {
        "dir": "kernel_base",
        "owner": "Joelgranados",
        "repo": "nix_envs",
        "type": "github"
      }
    },
    "krc": {
      "inputs": {
        "nixpkgs": "nixpkgs_5"
      },
      "locked": {
        "dir": "krc",
        "lastModified": 1739911427,
        "narHash": "sha256-qu8ryu4s2gr0cIX80+cPmj0OHctbD3qVT7mXBZqAmuc=",
        "owner": "Joelgranados",
        "repo": "nix_envs",
        "rev": "7b973f77786a17ba0ed943faeb847a9143a509e8",
        "type": "github"
      },
      "original": {
        "dir": "krc",
        "owner": "Joelgranados",
        "repo": "nix_envs",
        "type": "github"
      }
    },
    "nixpkgs": {
      "locked": {
        "lastModified": 1732238832,
        "narHash": "sha256-sQxuJm8rHY20xq6Ah+GwIUkF95tWjGRd1X8xF+Pkk38=",
        "owner": "NixOS",
        "repo": "nixpkgs",
        "rev": "8edf06bea5bcbee082df1b7369ff973b91618b8d",
        "type": "github"
      },
      "original": {
        "id": "nixpkgs",
        "type": "indirect"
      }
    },
    "nixpkgs_2": {
      "locked": {
        "lastModified": 1731797254,
        "narHash": "sha256-df3dJApLPhd11AlueuoN0Q4fHo/hagP75LlM5K1sz9g=",
        "owner": "NixOS",
        "repo": "nixpkgs",
        "rev": "e8c38b73aeb218e27163376a2d617e61a2ad9b59",
        "type": "github"
      },
      "original": {
        "owner": "NixOS",
        "ref": "nixos-24.05",
        "repo": "nixpkgs",
        "type": "github"
      }
    },
    "nixpkgs_3": {
      "locked": {
        "lastModified": 1735563628,
        "narHash": "sha256-OnSAY7XDSx7CtDoqNh8jwVwh4xNL/2HaJxGjryLWzX8=",
        "owner": "NixOS",
        "repo": "nixpkgs",
        "rev": "b134951a4c9f3c995fd7be05f3243f8ecd65d798",
        "type": "github"
      },
      "original": {
        "owner": "NixOS",
        "ref": "nixos-24.05",
        "repo": "nixpkgs",
        "type": "github"
      }
    },
    "nixpkgs_4": {
      "locked": {
        "lastModified": 1735563628,
        "narHash": "sha256-OnSAY7XDSx7CtDoqNh8jwVwh4xNL/2HaJxGjryLWzX8=",
        "owner": "NixOS",
        "repo": "nixpkgs",
        "rev": "b134951a4c9f3c995fd7be05f3243f8ecd65d798",
        "type": "github"
      },
      "original": {
        "owner": "NixOS",
        "ref": "nixos-24.05",
        "repo": "nixpkgs",
        "type": "github"
      }
    },
    "nixpkgs_5": {
      "locked": {
        "lastModified": 1735563628,
        "narHash": "sha256-OnSAY7XDSx7CtDoqNh8jwVwh4xNL/2HaJxGjryLWzX8=",
        "owner": "NixOS",
        "repo": "nixpkgs",
        "rev": "b134951a4c9f3c995fd7be05f3243f8ecd65d798",
        "type": "github"
      },
      "original": {
        "owner": "NixOS",
        "ref": "nixos-24.05",
        "repo": "nixpkgs",
        "type": "github"
      }
    },
    "nixpkgs_6": {
      "locked": {
        "lastModified": 1735563628,
        "narHash": "sha256-OnSAY7XDSx7CtDoqNh8jwVwh4xNL/2HaJxGjryLWzX8=",
        "owner": "NixOS",
        "repo": "nixpkgs",
        "rev": "b134951a4c9f3c995fd7be05f3243f8ecd65d798",
        "type": "github"
      },
      "original": {
        "owner": "NixOS",
        "ref": "nixos-24.05",
        "repo": "nixpkgs",
        "type": "github"
      }
    },
    "root": {
      "inputs": {
        "env_shell": "env_shell",
        "kernel_base": "kernel_base",
        "krc": "krc",
        "nixpkgs": "nixpkgs_6"
      }
    },
    "toolchain_ctl": {
      "inputs": {
        "nixpkgs": "nixpkgs_4"
      },
      "locked": {
        "lastModified": 1737832127,
        "narHash": "sha256-vXEv/HTIZd06DMfCgvqxViC5+JNnBphX5kht2MBnfTQ=",
        "owner": "Joelgranados",
        "repo": "toolchain_ctl",
        "rev": "074ffb776499944b519d767557255b0227d5f765",
        "type": "github"
      },
      "original": {
        "owner": "Joelgranados",
        "repo": "toolchain_ctl",
        "type": "github"
      }
    }
  },
  "root": "root",
  "version": 7
}
