{
  "nodes": {
    "env_ccache": {
      "inputs": {
        "nixpkgs": "nixpkgs"
      },
      "locked": {
        "dir": "ccache",
        "lastModified": 1736334072,
        "narHash": "sha256-azPawKbjx459c3X9I2VXHbKr4rGd6TdvkUDk9YqD3Bw=",
        "owner": "Joelgranados",
        "repo": "nix_envs",
        "rev": "5ca7b50d1ab4051b0c1dd9db533966f350049ccb",
        "type": "github"
      },
      "original": {
        "dir": "ccache",
        "owner": "Joelgranados",
        "repo": "nix_envs",
        "type": "github"
      }
    },
    "env_kernel": {
      "inputs": {
        "env_ccache": "env_ccache",
        "nixpkgs": "nixpkgs_2"
      },
      "locked": {
        "dir": "_kernel",
        "lastModified": 1737469400,
        "narHash": "sha256-tSWoHVp+5KX5uCKEKZST0oZ+fKU+A7FQO1p80fbyp5c=",
        "owner": "Joelgranados",
        "repo": "nix_envs",
        "rev": "25ae117117d447933f753b828ec63c49177eeca1",
        "type": "github"
      },
      "original": {
        "dir": "_kernel",
        "owner": "Joelgranados",
        "repo": "nix_envs",
        "type": "github"
      }
    },
    "env_shell": {
      "inputs": {
        "nixpkgs": "nixpkgs_3"
      },
      "locked": {
        "dir": "env_shell",
        "lastModified": 1737469400,
        "narHash": "sha256-tSWoHVp+5KX5uCKEKZST0oZ+fKU+A7FQO1p80fbyp5c=",
        "owner": "Joelgranados",
        "repo": "nix_envs",
        "rev": "25ae117117d447933f753b828ec63c49177eeca1",
        "type": "github"
      },
      "original": {
        "dir": "env_shell",
        "owner": "Joelgranados",
        "repo": "nix_envs",
        "type": "github"
      }
    },
    "nixpkgs": {
      "locked": {
        "lastModified": 1731797254,
        "narHash": "sha256-df3dJApLPhd11AlueuoN0Q4fHo/hagP75LlM5K1sz9g=",
        "owner": "NixOS",
        "repo": "nixpkgs",
        "rev": "e8c38b73aeb218e27163376a2d617e61a2ad9b59",
        "type": "github"
      },
      "original": {
        "owner": "NixOS",
        "ref": "nixos-24.05",
        "repo": "nixpkgs",
        "type": "github"
      }
    },
    "nixpkgs_2": {
      "locked": {
        "lastModified": 1732632634,
        "narHash": "sha256-+G7n/ZD635aN0sEXQLynU7pWMd3PKDM7yBIXvYmjABQ=",
        "owner": "NixOS",
        "repo": "nixpkgs",
        "rev": "6f6076c37180ea3a916f84928cf3a714c5207a30",
        "type": "github"
      },
      "original": {
        "owner": "NixOS",
        "ref": "nixos-24.05",
        "repo": "nixpkgs",
        "type": "github"
      }
    },
    "nixpkgs_3": {
      "locked": {
        "lastModified": 1732238832,
        "narHash": "sha256-sQxuJm8rHY20xq6Ah+GwIUkF95tWjGRd1X8xF+Pkk38=",
        "owner": "NixOS",
        "repo": "nixpkgs",
        "rev": "8edf06bea5bcbee082df1b7369ff973b91618b8d",
        "type": "github"
      },
      "original": {
        "id": "nixpkgs",
        "type": "indirect"
      }
    },
    "nixpkgs_4": {
      "locked": {
        "lastModified": 1735563628,
        "narHash": "sha256-OnSAY7XDSx7CtDoqNh8jwVwh4xNL/2HaJxGjryLWzX8=",
        "owner": "NixOS",
        "repo": "nixpkgs",
        "rev": "b134951a4c9f3c995fd7be05f3243f8ecd65d798",
        "type": "github"
      },
      "original": {
        "owner": "NixOS",
        "ref": "nixos-24.05",
        "repo": "nixpkgs",
        "type": "github"
      }
    },
    "root": {
      "inputs": {
        "env_kernel": "env_kernel",
        "env_shell": "env_shell",
        "nixpkgs": "nixpkgs_4"
      }
    }
  },
  "root": "root",
  "version": 7
}
