{
  "nodes": {
    "ccache": {
      "inputs": {
        "nixpkgs": "nixpkgs_2"
      },
      "locked": {
        "dir": "ccache",
        "lastModified": 1741271673,
        "narHash": "sha256-ntkxb4h4ni945ozmsAedvpqgvS3ObJjNS2BzCO6uEGE=",
        "owner": "Joelgranados",
        "repo": "nix_envs",
        "rev": "151938babe3843fb3a666aee74a11363923eb519",
        "type": "github"
      },
      "original": {
        "dir": "ccache",
        "owner": "Joelgranados",
        "repo": "nix_envs",
        "type": "github"
      }
    },
    "env_shell": {
      "inputs": {
        "nixpkgs": "nixpkgs"
      },
      "locked": {
        "dir": "env_shell",
        "lastModified": 1741213166,
        "narHash": "sha256-+UePnLOgn2s421x989SBOVLwgXZTszMSWTRggDcBToc=",
        "owner": "Joelgranados",
        "repo": "nix_envs",
        "rev": "17f49206b9336d29129895cc8064c6817a0c0ad5",
        "type": "github"
      },
      "original": {
        "dir": "env_shell",
        "owner": "Joelgranados",
        "repo": "nix_envs",
        "type": "github"
      }
    },
    "kernel_base": {
      "inputs": {
        "ccache": "ccache",
        "nixpkgs": "nixpkgs_3",
        "toolchain_ctl": "toolchain_ctl"
      },
      "locked": {
        "dir": "kernel_base",
        "lastModified": 1741769456,
        "narHash": "sha256-j06Vp28CAPk9rJiiBoBaHph4js64GJHXQEkj5dZ9DvQ=",
        "owner": "Joelgranados",
        "repo": "nix_envs",
        "rev": "0f6d78d4ab9b0dbe8975ffaa7890f106a9c3f818",
        "type": "github"
      },
      "original": {
        "dir": "kernel_base",
        "owner": "Joelgranados",
        "repo": "nix_envs",
        "type": "github"
      }
    },
    "krc": {
      "inputs": {
        "nixpkgs": "nixpkgs_5"
      },
      "locked": {
        "dir": "krc",
        "lastModified": 1741769998,
        "narHash": "sha256-aKFn2vM9O0/BTpM1/jiEqo9YCL3DatEu8/pW1eFVfxk=",
        "owner": "Joelgranados",
        "repo": "nix_envs",
        "rev": "4ef1158af553e87937afa1674fee13b126118d9c",
        "type": "github"
      },
      "original": {
        "dir": "krc",
        "owner": "Joelgranados",
        "repo": "nix_envs",
        "type": "github"
      }
    },
    "nixpkgs": {
      "locked": {
        "lastModified": 1732238832,
        "narHash": "sha256-sQxuJm8rHY20xq6Ah+GwIUkF95tWjGRd1X8xF+Pkk38=",
        "owner": "NixOS",
        "repo": "nixpkgs",
        "rev": "8edf06bea5bcbee082df1b7369ff973b91618b8d",
        "type": "github"
      },
      "original": {
        "id": "nixpkgs",
        "type": "indirect"
      }
    },
    "nixpkgs_2": {
      "locked": {
        "lastModified": 1731797254,
        "narHash": "sha256-df3dJApLPhd11AlueuoN0Q4fHo/hagP75LlM5K1sz9g=",
        "owner": "NixOS",
        "repo": "nixpkgs",
        "rev": "e8c38b73aeb218e27163376a2d617e61a2ad9b59",
        "type": "github"
      },
      "original": {
        "owner": "NixOS",
        "ref": "nixos-24.05",
        "repo": "nixpkgs",
        "type": "github"
      }
    },
    "nixpkgs_3": {
      "locked": {
        "lastModified": 1741600792,
        "narHash": "sha256-yfDy6chHcM7pXpMF4wycuuV+ILSTG486Z/vLx/Bdi6Y=",
        "owner": "NixOS",
        "repo": "nixpkgs",
        "rev": "ebe2788eafd539477f83775ef93c3c7e244421d3",
        "type": "github"
      },
      "original": {
        "owner": "NixOS",
        "ref": "nixos-24.11",
        "repo": "nixpkgs",
        "type": "github"
      }
    },
    "nixpkgs_4": {
      "locked": {
        "lastModified": 1735563628,
        "narHash": "sha256-OnSAY7XDSx7CtDoqNh8jwVwh4xNL/2HaJxGjryLWzX8=",
        "owner": "NixOS",
        "repo": "nixpkgs",
        "rev": "b134951a4c9f3c995fd7be05f3243f8ecd65d798",
        "type": "github"
      },
      "original": {
        "owner": "NixOS",
        "ref": "nixos-24.05",
        "repo": "nixpkgs",
        "type": "github"
      }
    },
    "nixpkgs_5": {
      "locked": {
        "lastModified": 1735563628,
        "narHash": "sha256-OnSAY7XDSx7CtDoqNh8jwVwh4xNL/2HaJxGjryLWzX8=",
        "owner": "NixOS",
        "repo": "nixpkgs",
        "rev": "b134951a4c9f3c995fd7be05f3243f8ecd65d798",
        "type": "github"
      },
      "original": {
        "owner": "NixOS",
        "ref": "nixos-24.05",
        "repo": "nixpkgs",
        "type": "github"
      }
    },
    "nixpkgs_6": {
      "locked": {
        "lastModified": 1735563628,
        "narHash": "sha256-OnSAY7XDSx7CtDoqNh8jwVwh4xNL/2HaJxGjryLWzX8=",
        "owner": "NixOS",
        "repo": "nixpkgs",
        "rev": "b134951a4c9f3c995fd7be05f3243f8ecd65d798",
        "type": "github"
      },
      "original": {
        "owner": "NixOS",
        "ref": "nixos-24.05",
        "repo": "nixpkgs",
        "type": "github"
      }
    },
    "root": {
      "inputs": {
        "env_shell": "env_shell",
        "kernel_base": "kernel_base",
        "krc": "krc",
        "nixpkgs": "nixpkgs_6"
      }
    },
    "toolchain_ctl": {
      "inputs": {
        "nixpkgs": "nixpkgs_4"
      },
      "locked": {
        "lastModified": 1737832127,
        "narHash": "sha256-vXEv/HTIZd06DMfCgvqxViC5+JNnBphX5kht2MBnfTQ=",
        "owner": "Joelgranados",
        "repo": "toolchain_ctl",
        "rev": "074ffb776499944b519d767557255b0227d5f765",
        "type": "github"
      },
      "original": {
        "owner": "Joelgranados",
        "repo": "toolchain_ctl",
        "type": "github"
      }
    }
  },
  "root": "root",
  "version": 7
}
