{
  "nodes": {
    "env_shell": {
      "inputs": {
        "nixpkgs": "nixpkgs"
      },
      "locked": {
        "dir": "env_shell",
        "lastModified": 1749461195,
        "narHash": "sha256-OlSIiJYfTKq+T+XcHQqRekWuZWvyN152VgJP2SePTdA=",
        "owner": "Joelgranados",
        "repo": "nenvs",
        "rev": "d81371ca404b2d52973fc5f04a7576382df38873",
        "type": "github"
      },
      "original": {
        "dir": "env_shell",
        "owner": "Joelgranados",
        "repo": "nenvs",
        "type": "github"
      }
    },
    "krc": {
      "inputs": {
        "nixpkgs": "nixpkgs_2"
      },
      "locked": {
        "dir": "krc",
        "lastModified": 1758193841,
        "narHash": "sha256-9Nfi7LJv4TPdKHebru7YsvOndVtjpKUf7NCeSKdAdeI=",
        "owner": "Joelgranados",
        "repo": "nenvs",
        "rev": "e6cbc14981711310cfe08373df0aacf080ada06c",
        "type": "github"
      },
      "original": {
        "dir": "krc",
        "owner": "Joelgranados",
        "repo": "nenvs",
        "type": "github"
      }
    },
    "nixpkgs": {
      "locked": {
        "lastModified": 1744536153,
        "narHash": "sha256-awS2zRgF4uTwrOKwwiJcByDzDOdo3Q1rPZbiHQg/N38=",
        "owner": "NixOS",
        "repo": "nixpkgs",
        "rev": "18dd725c29603f582cf1900e0d25f9f1063dbf11",
        "type": "github"
      },
      "original": {
        "id": "nixpkgs",
        "type": "indirect"
      }
    },
    "nixpkgs_2": {
      "locked": {
        "lastModified": 1735563628,
        "narHash": "sha256-OnSAY7XDSx7CtDoqNh8jwVwh4xNL/2HaJxGjryLWzX8=",
        "owner": "NixOS",
        "repo": "nixpkgs",
        "rev": "b134951a4c9f3c995fd7be05f3243f8ecd65d798",
        "type": "github"
      },
      "original": {
        "owner": "NixOS",
        "ref": "nixos-24.05",
        "repo": "nixpkgs",
        "type": "github"
      }
    },
    "nixpkgs_3": {
      "locked": {
        "lastModified": 1746957726,
        "narHash": "sha256-k9ut1LSfHCr0AW82ttEQzXVCqmyWVA5+SHJkS5ID/Jo=",
        "owner": "NixOS",
        "repo": "nixpkgs",
        "rev": "a39ed32a651fdee6842ec930761e31d1f242cb94",
        "type": "github"
      },
      "original": {
        "owner": "NixOS",
        "ref": "nixos-24.11",
        "repo": "nixpkgs",
        "type": "github"
      }
    },
    "root": {
      "inputs": {
        "env_shell": "env_shell",
        "krc": "krc",
        "nixpkgs": "nixpkgs_3"
      }
    }
  },
  "root": "root",
  "version": 7
}
