{
  "nodes": {
    "env_shell": {
      "inputs": {
        "nixpkgs": "nixpkgs"
      },
      "locked": {
        "dir": "env_shell",
        "lastModified": 1733474667,
        "narHash": "sha256-1ca7mCEQbpTr5wpRuIN03e5Q3/5JQnFcEuWoAzb0y0M=",
        "owner": "Joelgranados",
        "repo": "nix_envs",
        "rev": "a7ed390e7748fd899e1357723a784cb9886492ff",
        "type": "github"
      },
      "original": {
        "dir": "env_shell",
        "owner": "Joelgranados",
        "repo": "nix_envs",
        "type": "github"
      }
    },
    "nixpkgs": {
      "locked": {
        "lastModified": 1732238832,
        "narHash": "sha256-sQxuJm8rHY20xq6Ah+GwIUkF95tWjGRd1X8xF+Pkk38=",
        "owner": "NixOS",
        "repo": "nixpkgs",
        "rev": "8edf06bea5bcbee082df1b7369ff973b91618b8d",
        "type": "github"
      },
      "original": {
        "id": "nixpkgs",
        "type": "indirect"
      }
    },
    "nixpkgs_2": {
      "locked": {
        "lastModified": 1732632634,
        "narHash": "sha256-+G7n/ZD635aN0sEXQLynU7pWMd3PKDM7yBIXvYmjABQ=",
        "owner": "NixOS",
        "repo": "nixpkgs",
        "rev": "6f6076c37180ea3a916f84928cf3a714c5207a30",
        "type": "github"
      },
      "original": {
        "owner": "NixOS",
        "ref": "nixos-24.05",
        "repo": "nixpkgs",
        "type": "github"
      }
    },
    "root": {
      "inputs": {
        "env_shell": "env_shell",
        "nixpkgs": "nixpkgs_2"
      }
    }
  },
  "root": "root",
  "version": 7
}
