{
  "nodes": {
    "nixpkgs": {
      "locked": {
        "lastModified": 1777966658,
        "narHash": "sha256-u1rLQj9m6nAyDYgwxXah6QayYGSYcOnLsSFc05sAWnk=",
        "owner": "NixOS",
        "repo": "nixpkgs",
        "rev": "84195b872cd8793f4f25585b8911f1711ca57421",
        "type": "github"
      },
      "original": {
        "owner": "NixOS",
        "ref": "nixos-unstable",
        "repo": "nixpkgs",
        "type": "github"
      }
    },
    "root": {
      "inputs": {
        "nixpkgs": "nixpkgs"
      }
    }
  },
  "root": "root",
  "version": 7
}
