{
  "nodes": {
    "nixpkgs": {
      "locked": {
        "lastModified": 1767942671,
        "narHash": "sha256-Wiiat7rw+yyvYaktaKPOSN8J3K6Y2l29aj5QER6fBdw=",
        "owner": "NixOS",
        "repo": "nixpkgs",
        "rev": "81d3bdc810a7ed9e1963a34d9699dc4ca312809c",
        "type": "github"
      },
      "original": {
        "owner": "NixOS",
        "ref": "nixos-unstable",
        "repo": "nixpkgs",
        "type": "github"
      }
    },
    "root": {
      "inputs": {
        "nixpkgs": "nixpkgs"
      }
    }
  },
  "root": "root",
  "version": 7
}
