{
  "nodes": {
    "nixpkgs": {
      "locked": {
        "lastModified": 1769528421,
        "narHash": "sha256-fpNQSodPbC6K54i4/gpOtphJoJAY1HfwutaeSeJTu5o=",
        "owner": "NixOS",
        "repo": "nixpkgs",
        "rev": "5961d0e477173b2e1d7dd32cae3873e7c3a65e79",
        "type": "github"
      },
      "original": {
        "owner": "NixOS",
        "ref": "nixos-unstable",
        "repo": "nixpkgs",
        "type": "github"
      }
    },
    "root": {
      "inputs": {
        "nixpkgs": "nixpkgs"
      }
    }
  },
  "root": "root",
  "version": 7
}
