{
  "nodes": {
    "env_shell": {
      "inputs": {
        "nixpkgs": "nixpkgs"
      },
      "locked": {
        "dir": "env_shell",
        "lastModified": 1738704184,
        "narHash": "sha256-6vxLd4wFBaERy8UeUsXnSPBstGbKc5qmcuiEwpOQ8yI=",
        "owner": "Joelgranados",
        "repo": "nix_envs",
        "rev": "2404f75a56ea8001478a72e906ecc770304c6443",
        "type": "github"
      },
      "original": {
        "dir": "env_shell",
        "owner": "Joelgranados",
        "repo": "nix_envs",
        "type": "github"
      }
    },
    "libvfn": {
      "inputs": {
        "nixpkgs": "nixpkgs_2",
        "unstable": "unstable"
      },
      "locked": {
        "lastModified": 1731154229,
        "narHash": "sha256-Sxp+edR1SiPPw/pa0UddMCbox24AnVLMMNEQf6GaFho=",
        "owner": "Joelgranados",
        "repo": "libvfn",
        "rev": "cc68647b8a4d95d3cb101e036a5662dbb0f696d5",
        "type": "github"
      },
      "original": {
        "owner": "Joelgranados",
        "repo": "libvfn",
        "rev": "cc68647b8a4d95d3cb101e036a5662dbb0f696d5",
        "type": "github"
      }
    },
    "nixpkgs": {
      "locked": {
        "lastModified": 1732238832,
        "narHash": "sha256-sQxuJm8rHY20xq6Ah+GwIUkF95tWjGRd1X8xF+Pkk38=",
        "owner": "NixOS",
        "repo": "nixpkgs",
        "rev": "8edf06bea5bcbee082df1b7369ff973b91618b8d",
        "type": "github"
      },
      "original": {
        "id": "nixpkgs",
        "type": "indirect"
      }
    },
    "nixpkgs_2": {
      "locked": {
        "lastModified": 1717281328,
        "narHash": "sha256-evZPzpf59oNcDUXxh2GHcxHkTEG4fjae2ytWP85jXRo=",
        "owner": "NixOS",
        "repo": "nixpkgs",
        "rev": "b3b2b28c1daa04fe2ae47c21bb76fd226eac4ca1",
        "type": "github"
      },
      "original": {
        "owner": "NixOS",
        "ref": "nixos-24.05",
        "repo": "nixpkgs",
        "type": "github"
      }
    },
    "nixpkgs_3": {
      "locked": {
        "lastModified": 1731797254,
        "narHash": "sha256-df3dJApLPhd11AlueuoN0Q4fHo/hagP75LlM5K1sz9g=",
        "owner": "NixOS",
        "repo": "nixpkgs",
        "rev": "e8c38b73aeb218e27163376a2d617e61a2ad9b59",
        "type": "github"
      },
      "original": {
        "owner": "NixOS",
        "ref": "nixos-24.05",
        "repo": "nixpkgs",
        "type": "github"
      }
    },
    "root": {
      "inputs": {
        "env_shell": "env_shell",
        "libvfn": "libvfn",
        "nixpkgs": "nixpkgs_3"
      }
    },
    "unstable": {
      "locked": {
        "lastModified": 1731136726,
        "narHash": "sha256-N3kbrHympxKvkYH/gnTQqofeAomx3Du1OkZFAgGwKz4=",
        "owner": "Joelgranados",
        "repo": "nixpkgs",
        "rev": "71907ff4c25ac10e7de6dcd22c7d967146a10f5d",
        "type": "github"
      },
      "original": {
        "owner": "Joelgranados",
        "ref": "master",
        "repo": "nixpkgs",
        "type": "github"
      }
    }
  },
  "root": "root",
  "version": 7
}
