{
  "nodes": {
    "aiagent_base": {
      "inputs": {
        "nixpkgs": "nixpkgs"
      },
      "locked": {
        "dir": "aiagent_base",
        "lastModified": 1791195075,
        "narHash": "sha256-miE+syognrMAuUd0bEFGs6ikeg3/AJgWDtvL6XoQiMA=",
        "owner": "Joelgranados",
        "repo": "nenvs",
        "rev": "5a2b611f9f7082eef3bce2185314eb4fcad8ef65",
        "type": "github"
      },
      "original": {
        "dir": "aiagent_base",
        "owner": "Joelgranados",
        "repo": "nenvs",
        "type": "github"
      }
    },
    "env_shell": {
      "inputs": {
        "nixpkgs": "nixpkgs_2"
      },
      "locked": {
        "dir": "env_shell",
        "lastModified": 1791195075,
        "narHash": "sha256-miE+syognrMAuUd0bEFGs6ikeg3/AJgWDtvL6XoQiMA=",
        "owner": "Joelgranados",
        "repo": "nenvs",
        "rev": "5a2b611f9f7082eef3bce2185314eb4fcad8ef65",
        "type": "github"
      },
      "original": {
        "dir": "env_shell",
        "owner": "Joelgranados",
        "repo": "nenvs",
        "type": "github"
      }
    },
    "nixpkgs": {
      "locked": {
        "lastModified": 1786384358,
        "narHash": "sha256-RzPPiWeUtuvymnpuEWsdtzli5w4kjZs49FqEs3/1u+I=",
        "owner": "NixOS",
        "repo": "nixpkgs",
        "rev": "2fcb964de67fcf60b43471c55d5d99e61a9ccb5a",
        "type": "github"
      },
      "original": {
        "owner": "NixOS",
        "ref": "nixos-unstable",
        "repo": "nixpkgs",
        "type": "github"
      }
    },
    "nixpkgs_2": {
      "locked": {
        "lastModified": 1744536153,
        "narHash": "sha256-awS2zRgF4uTwrOKwwiJcByDzDOdo3Q1rPZbiHQg/N38=",
        "owner": "NixOS",
        "repo": "nixpkgs",
        "rev": "18dd725c29603f582cf1900e0d25f9f1063dbf11",
        "type": "github"
      },
      "original": {
        "id": "nixpkgs",
        "type": "indirect"
      }
    },
    "nixpkgs_3": {
      "locked": {
        "lastModified": 1791143449,
        "narHash": "sha256-9+n3ReS2y9xS199LoJjKUWHwZrISGHWgkD/LUZTDZyA=",
        "owner": "NixOS",
        "repo": "nixpkgs",
        "rev": "0d9e9b832d03ac387417e16ce1febf73b2e631e1",
        "type": "github"
      },
      "original": {
        "owner": "NixOS",
        "ref": "nixos-26.05",
        "repo": "nixpkgs",
        "type": "github"
      }
    },
    "root": {
      "inputs": {
        "aiagent_base": "aiagent_base",
        "env_shell": "env_shell",
        "nixpkgs": "nixpkgs_3"
      }
    }
  },
  "root": "root",
  "version": 7
}
