{
  "nodes": {
    "ccache": {
      "inputs": {
        "nixpkgs": "nixpkgs_4"
      },
      "locked": {
        "dir": "ccache",
        "lastModified": 1738704184,
        "narHash": "sha256-6vxLd4wFBaERy8UeUsXnSPBstGbKc5qmcuiEwpOQ8yI=",
        "owner": "Joelgranados",
        "repo": "nix_envs",
        "rev": "2404f75a56ea8001478a72e906ecc770304c6443",
        "type": "github"
      },
      "original": {
        "dir": "ccache",
        "owner": "Joelgranados",
        "repo": "nix_envs",
        "type": "github"
      }
    },
    "env_shell": {
      "inputs": {
        "nixpkgs": "nixpkgs"
      },
      "locked": {
        "dir": "env_shell",
        "lastModified": 1738704184,
        "narHash": "sha256-6vxLd4wFBaERy8UeUsXnSPBstGbKc5qmcuiEwpOQ8yI=",
        "owner": "Joelgranados",
        "repo": "nix_envs",
        "rev": "2404f75a56ea8001478a72e906ecc770304c6443",
        "type": "github"
      },
      "original": {
        "dir": "env_shell",
        "owner": "Joelgranados",
        "repo": "nix_envs",
        "type": "github"
      }
    },
    "krc": {
      "inputs": {
        "nixpkgs": "nixpkgs_2"
      },
      "locked": {
        "dir": "krc",
        "lastModified": 1738698296,
        "narHash": "sha256-HxwsOeU0CbsvCc5cpxiJn47xWvtIPtYkYF029VyobDA=",
        "owner": "Joelgranados",
        "repo": "nix_envs",
        "rev": "12a043ae7ffbf252fbbd749310defb9ebbc06a6c",
        "type": "github"
      },
      "original": {
        "dir": "krc",
        "owner": "Joelgranados",
        "repo": "nix_envs",
        "type": "github"
      }
    },
    "nixpkgs": {
      "locked": {
        "lastModified": 1732238832,
        "narHash": "sha256-sQxuJm8rHY20xq6Ah+GwIUkF95tWjGRd1X8xF+Pkk38=",
        "owner": "NixOS",
        "repo": "nixpkgs",
        "rev": "8edf06bea5bcbee082df1b7369ff973b91618b8d",
        "type": "github"
      },
      "original": {
        "id": "nixpkgs",
        "type": "indirect"
      }
    },
    "nixpkgs_2": {
      "locked": {
        "lastModified": 1735563628,
        "narHash": "sha256-OnSAY7XDSx7CtDoqNh8jwVwh4xNL/2HaJxGjryLWzX8=",
        "owner": "NixOS",
        "repo": "nixpkgs",
        "rev": "b134951a4c9f3c995fd7be05f3243f8ecd65d798",
        "type": "github"
      },
      "original": {
        "owner": "NixOS",
        "ref": "nixos-24.05",
        "repo": "nixpkgs",
        "type": "github"
      }
    },
    "nixpkgs_3": {
      "locked": {
        "lastModified": 1735563628,
        "narHash": "sha256-OnSAY7XDSx7CtDoqNh8jwVwh4xNL/2HaJxGjryLWzX8=",
        "owner": "NixOS",
        "repo": "nixpkgs",
        "rev": "b134951a4c9f3c995fd7be05f3243f8ecd65d798",
        "type": "github"
      },
      "original": {
        "owner": "NixOS",
        "ref": "nixos-24.05",
        "repo": "nixpkgs",
        "type": "github"
      }
    },
    "nixpkgs_4": {
      "locked": {
        "lastModified": 1731797254,
        "narHash": "sha256-df3dJApLPhd11AlueuoN0Q4fHo/hagP75LlM5K1sz9g=",
        "owner": "NixOS",
        "repo": "nixpkgs",
        "rev": "e8c38b73aeb218e27163376a2d617e61a2ad9b59",
        "type": "github"
      },
      "original": {
        "owner": "NixOS",
        "ref": "nixos-24.05",
        "repo": "nixpkgs",
        "type": "github"
      }
    },
    "nixpkgs_5": {
      "locked": {
        "lastModified": 1738435198,
        "narHash": "sha256-5+Hmo4nbqw8FrW85FlNm4IIrRnZ7bn0cmXlScNsNRLo=",
        "owner": "NixOS",
        "repo": "nixpkgs",
        "rev": "f6687779bf4c396250831aa5a32cbfeb85bb07a3",
        "type": "github"
      },
      "original": {
        "owner": "NixOS",
        "ref": "nixos-24.11",
        "repo": "nixpkgs",
        "type": "github"
      }
    },
    "qemu_base": {
      "inputs": {
        "ccache": "ccache",
        "nixpkgs": "nixpkgs_5"
      },
      "locked": {
        "dir": "qemu_base",
        "lastModified": 1738704184,
        "narHash": "sha256-6vxLd4wFBaERy8UeUsXnSPBstGbKc5qmcuiEwpOQ8yI=",
        "owner": "Joelgranados",
        "repo": "nix_envs",
        "rev": "2404f75a56ea8001478a72e906ecc770304c6443",
        "type": "github"
      },
      "original": {
        "dir": "qemu_base",
        "owner": "Joelgranados",
        "repo": "nix_envs",
        "type": "github"
      }
    },
    "root": {
      "inputs": {
        "env_shell": "env_shell",
        "krc": "krc",
        "nixpkgs": "nixpkgs_3",
        "qemu_base": "qemu_base"
      }
    }
  },
  "root": "root",
  "version": 7
}
