{
  "nodes": {
    "aiagent_base": {
      "inputs": {
        "nixpkgs": "nixpkgs"
      },
      "locked": {
        "dir": "aiagent_base",
        "lastModified": 1757493230,
        "narHash": "sha256-AYJ7Hb5byaP0gwi4OSgQCXb4uTEDXgBnQVR1o1cgS6s=",
        "owner": "Joelgranados",
        "repo": "nenvs",
        "rev": "49f8fffb6d2c9a2e9a93dde784f75a2a942320f8",
        "type": "github"
      },
      "original": {
        "dir": "aiagent_base",
        "owner": "Joelgranados",
        "repo": "nenvs",
        "type": "github"
      }
    },
    "ccache": {
      "inputs": {
        "nixpkgs": "nixpkgs_5"
      },
      "locked": {
        "dir": "ccache",
        "lastModified": 1744631288,
        "narHash": "sha256-gILxCTmQfAPf2+3RhftYp9XbT0lH1bo8aRuXLKD1WbA=",
        "owner": "Joelgranados",
        "repo": "nenvs",
        "rev": "84330429fad097bbf138525685061563ec1f5fd5",
        "type": "github"
      },
      "original": {
        "dir": "ccache",
        "owner": "Joelgranados",
        "repo": "nenvs",
        "type": "github"
      }
    },
    "env_shell": {
      "inputs": {
        "nixpkgs": "nixpkgs_2"
      },
      "locked": {
        "dir": "env_shell",
        "lastModified": 1749461195,
        "narHash": "sha256-OlSIiJYfTKq+T+XcHQqRekWuZWvyN152VgJP2SePTdA=",
        "owner": "Joelgranados",
        "repo": "nenvs",
        "rev": "d81371ca404b2d52973fc5f04a7576382df38873",
        "type": "github"
      },
      "original": {
        "dir": "env_shell",
        "owner": "Joelgranados",
        "repo": "nenvs",
        "type": "github"
      }
    },
    "krc": {
      "inputs": {
        "nixpkgs": "nixpkgs_3"
      },
      "locked": {
        "dir": "krc",
        "lastModified": 1756200506,
        "narHash": "sha256-u2z2vcfbK/ncSHRigjzda0xdIoF6THw0KcKeHXcIUVw=",
        "owner": "Joelgranados",
        "repo": "nenvs",
        "rev": "587dc18b110d0daefe711b3da46be65aad84ac7b",
        "type": "github"
      },
      "original": {
        "dir": "krc",
        "owner": "Joelgranados",
        "repo": "nenvs",
        "type": "github"
      }
    },
    "nixpkgs": {
      "locked": {
        "lastModified": 1755615617,
        "narHash": "sha256-HMwfAJBdrr8wXAkbGhtcby1zGFvs+StOp19xNsbqdOg=",
        "owner": "NixOS",
        "repo": "nixpkgs",
        "rev": "20075955deac2583bb12f07151c2df830ef346b4",
        "type": "github"
      },
      "original": {
        "owner": "NixOS",
        "ref": "nixos-unstable",
        "repo": "nixpkgs",
        "type": "github"
      }
    },
    "nixpkgs_2": {
      "locked": {
        "lastModified": 1744536153,
        "narHash": "sha256-awS2zRgF4uTwrOKwwiJcByDzDOdo3Q1rPZbiHQg/N38=",
        "owner": "NixOS",
        "repo": "nixpkgs",
        "rev": "18dd725c29603f582cf1900e0d25f9f1063dbf11",
        "type": "github"
      },
      "original": {
        "id": "nixpkgs",
        "type": "indirect"
      }
    },
    "nixpkgs_3": {
      "locked": {
        "lastModified": 1735563628,
        "narHash": "sha256-OnSAY7XDSx7CtDoqNh8jwVwh4xNL/2HaJxGjryLWzX8=",
        "owner": "NixOS",
        "repo": "nixpkgs",
        "rev": "b134951a4c9f3c995fd7be05f3243f8ecd65d798",
        "type": "github"
      },
      "original": {
        "owner": "NixOS",
        "ref": "nixos-24.05",
        "repo": "nixpkgs",
        "type": "github"
      }
    },
    "nixpkgs_4": {
      "locked": {
        "lastModified": 1735563628,
        "narHash": "sha256-OnSAY7XDSx7CtDoqNh8jwVwh4xNL/2HaJxGjryLWzX8=",
        "owner": "NixOS",
        "repo": "nixpkgs",
        "rev": "b134951a4c9f3c995fd7be05f3243f8ecd65d798",
        "type": "github"
      },
      "original": {
        "owner": "NixOS",
        "ref": "nixos-24.05",
        "repo": "nixpkgs",
        "type": "github"
      }
    },
    "nixpkgs_5": {
      "locked": {
        "lastModified": 1731797254,
        "narHash": "sha256-df3dJApLPhd11AlueuoN0Q4fHo/hagP75LlM5K1sz9g=",
        "owner": "NixOS",
        "repo": "nixpkgs",
        "rev": "e8c38b73aeb218e27163376a2d617e61a2ad9b59",
        "type": "github"
      },
      "original": {
        "owner": "NixOS",
        "ref": "nixos-24.05",
        "repo": "nixpkgs",
        "type": "github"
      }
    },
    "nixpkgs_6": {
      "locked": {
        "lastModified": 1744440957,
        "narHash": "sha256-FHlSkNqFmPxPJvy+6fNLaNeWnF1lZSgqVCl/eWaJRc4=",
        "owner": "NixOS",
        "repo": "nixpkgs",
        "rev": "26d499fc9f1d567283d5d56fcf367edd815dba1d",
        "type": "github"
      },
      "original": {
        "owner": "NixOS",
        "ref": "nixos-24.11",
        "repo": "nixpkgs",
        "type": "github"
      }
    },
    "qemu_base": {
      "inputs": {
        "ccache": "ccache",
        "nixpkgs": "nixpkgs_6"
      },
      "locked": {
        "dir": "qemu_base",
        "lastModified": 1752145588,
        "narHash": "sha256-KmuYfj/9Oogp2csdQ1Yr81CQ5bQamXHM52i+GN+7RJM=",
        "owner": "Joelgranados",
        "repo": "nenvs",
        "rev": "2ab5baf2b5f0c7efd88dd296248ee5b7eb5b226e",
        "type": "github"
      },
      "original": {
        "dir": "qemu_base",
        "owner": "Joelgranados",
        "repo": "nenvs",
        "type": "github"
      }
    },
    "root": {
      "inputs": {
        "aiagent_base": "aiagent_base",
        "env_shell": "env_shell",
        "krc": "krc",
        "nixpkgs": "nixpkgs_4",
        "qemu_base": "qemu_base"
      }
    }
  },
  "root": "root",
  "version": 7
}
