{
  "nodes": {
    "env_ccache": {
      "inputs": {
        "nixpkgs": "nixpkgs"
      },
      "locked": {
        "dir": "ccache",
        "lastModified": 1738591685,
        "narHash": "sha256-v0aB5GtFSrRUhgqt4wQGzHFeL0HpR715ZLITbhCcXbc=",
        "owner": "Joelgranados",
        "repo": "nix_envs",
        "rev": "23743d080e4cc900c075c8c12a7ba8bc28411c53",
        "type": "github"
      },
      "original": {
        "dir": "ccache",
        "owner": "Joelgranados",
        "repo": "nix_envs",
        "type": "github"
      }
    },
    "env_qemu": {
      "inputs": {
        "env_ccache": "env_ccache",
        "nixpkgs": "nixpkgs_2"
      },
      "locked": {
        "dir": "_qemu",
        "lastModified": 1738615851,
        "narHash": "sha256-8vO46dhXq4KlozISenNBg/cPnWxmP1TDkluXAk096EQ=",
        "owner": "Joelgranados",
        "repo": "nix_envs",
        "rev": "671da6e8baf74a40b375f58417eafd028f98e80b",
        "type": "github"
      },
      "original": {
        "dir": "_qemu",
        "owner": "Joelgranados",
        "repo": "nix_envs",
        "type": "github"
      }
    },
    "env_shell": {
      "inputs": {
        "nixpkgs": "nixpkgs_3"
      },
      "locked": {
        "dir": "env_shell",
        "lastModified": 1738615851,
        "narHash": "sha256-8vO46dhXq4KlozISenNBg/cPnWxmP1TDkluXAk096EQ=",
        "owner": "Joelgranados",
        "repo": "nix_envs",
        "rev": "671da6e8baf74a40b375f58417eafd028f98e80b",
        "type": "github"
      },
      "original": {
        "dir": "env_shell",
        "owner": "Joelgranados",
        "repo": "nix_envs",
        "type": "github"
      }
    },
    "krc": {
      "inputs": {
        "nixpkgs": "nixpkgs_4"
      },
      "locked": {
        "dir": "krc",
        "lastModified": 1738615851,
        "narHash": "sha256-8vO46dhXq4KlozISenNBg/cPnWxmP1TDkluXAk096EQ=",
        "owner": "Joelgranados",
        "repo": "nix_envs",
        "rev": "671da6e8baf74a40b375f58417eafd028f98e80b",
        "type": "github"
      },
      "original": {
        "dir": "krc",
        "owner": "Joelgranados",
        "repo": "nix_envs",
        "type": "github"
      }
    },
    "nixpkgs": {
      "locked": {
        "lastModified": 1731797254,
        "narHash": "sha256-df3dJApLPhd11AlueuoN0Q4fHo/hagP75LlM5K1sz9g=",
        "owner": "NixOS",
        "repo": "nixpkgs",
        "rev": "e8c38b73aeb218e27163376a2d617e61a2ad9b59",
        "type": "github"
      },
      "original": {
        "owner": "NixOS",
        "ref": "nixos-24.05",
        "repo": "nixpkgs",
        "type": "github"
      }
    },
    "nixpkgs_2": {
      "locked": {
        "lastModified": 1738435198,
        "narHash": "sha256-5+Hmo4nbqw8FrW85FlNm4IIrRnZ7bn0cmXlScNsNRLo=",
        "owner": "NixOS",
        "repo": "nixpkgs",
        "rev": "f6687779bf4c396250831aa5a32cbfeb85bb07a3",
        "type": "github"
      },
      "original": {
        "owner": "NixOS",
        "ref": "nixos-24.11",
        "repo": "nixpkgs",
        "type": "github"
      }
    },
    "nixpkgs_3": {
      "locked": {
        "lastModified": 1732238832,
        "narHash": "sha256-sQxuJm8rHY20xq6Ah+GwIUkF95tWjGRd1X8xF+Pkk38=",
        "owner": "NixOS",
        "repo": "nixpkgs",
        "rev": "8edf06bea5bcbee082df1b7369ff973b91618b8d",
        "type": "github"
      },
      "original": {
        "id": "nixpkgs",
        "type": "indirect"
      }
    },
    "nixpkgs_4": {
      "locked": {
        "lastModified": 1735563628,
        "narHash": "sha256-OnSAY7XDSx7CtDoqNh8jwVwh4xNL/2HaJxGjryLWzX8=",
        "owner": "NixOS",
        "repo": "nixpkgs",
        "rev": "b134951a4c9f3c995fd7be05f3243f8ecd65d798",
        "type": "github"
      },
      "original": {
        "owner": "NixOS",
        "ref": "nixos-24.05",
        "repo": "nixpkgs",
        "type": "github"
      }
    },
    "nixpkgs_5": {
      "locked": {
        "lastModified": 1735563628,
        "narHash": "sha256-OnSAY7XDSx7CtDoqNh8jwVwh4xNL/2HaJxGjryLWzX8=",
        "owner": "NixOS",
        "repo": "nixpkgs",
        "rev": "b134951a4c9f3c995fd7be05f3243f8ecd65d798",
        "type": "github"
      },
      "original": {
        "owner": "NixOS",
        "ref": "nixos-24.05",
        "repo": "nixpkgs",
        "type": "github"
      }
    },
    "root": {
      "inputs": {
        "env_qemu": "env_qemu",
        "env_shell": "env_shell",
        "krc": "krc",
        "nixpkgs": "nixpkgs_5"
      }
    }
  },
  "root": "root",
  "version": 7
}
